// !$*UTF8*$!
{
	archiveVersion = 1;
	classes = {
	};
	objectVersion = 50;
	objects = {

/* Begin PBXBuildFile section */
		31D71D0923D601AB0043D44E /* AppDelegate.swift in Sources */ = {isa = PBXBuildFile; fileRef = 31D71D0823D601AB0043D44E /* AppDelegate.swift */; };
		31D71D0B23D601AB0043D44E /* art.scnassets in Resources */ = {isa = PBXBuildFile; fileRef = 31D71D0A23D601AB0043D44E /* art.scnassets */; };
		31D71D0D23D601AB0043D44E /* RampPlacerVC.swift in Sources */ = {isa = PBXBuildFile; fileRef = 31D71D0C23D601AB0043D44E /* RampPlacerVC.swift */; };
		31D71D1023D601AB0043D44E /* Main.storyboard in Resources */ = {isa = PBXBuildFile; fileRef = 31D71D0E23D601AB0043D44E /* Main.storyboard */; };
		31D71D1223D601B00043D44E /* Assets.xcassets in Resources */ = {isa = PBXBuildFile; fileRef = 31D71D1123D601B00043D44E /* Assets.xcassets */; };
		31D71D1523D601B00043D44E /* LaunchScreen.storyboard in Resources */ = {isa = PBXBuildFile; fileRef = 31D71D1323D601B00043D44E /* LaunchScreen.storyboard */; };
		31D71D1E23D6081F0043D44E /* RampPickerVC.swift in Sources */ = {isa = PBXBuildFile; fileRef = 31D71D1D23D6081F0043D44E /* RampPickerVC.swift */; };
		31D71D2323D62C6D0043D44E /* Ramp.swift in Sources */ = {isa = PBXBuildFile; fileRef = 31D71D2223D62C6D0043D44E /* Ramp.swift */; };
/* End PBXBuildFile section */

/* Begin PBXFileReference section */
		31D71D0523D601AB0043D44E /* skatepark-builder.app */ = {isa = PBXFileReference; explicitFileType = wrapper.application; includeInIndex = 0; path = "skatepark-builder.app"; sourceTree = BUILT_PRODUCTS_DIR; };
		31D71D0823D601AB0043D44E /* AppDelegate.swift */ = {isa = PBXFileReference; lastKnownFileType = sourcecode.swift; path = AppDelegate.swift; sourceTree = "<group>"; };
		31D71D0A23D601AB0043D44E /* art.scnassets */ = {isa = PBXFileReference; lastKnownFileType = wrapper.scnassets; path = art.scnassets; sourceTree = "<group>"; };
		31D71D0C23D601AB0043D44E /* RampPlacerVC.swift */ = {isa = PBXFileReference; lastKnownFileType = sourcecode.swift; path = RampPlacerVC.swift; sourceTree = "<group>"; };
		31D71D0F23D601AB0043D44E /* Base */ = {isa = PBXFileReference; lastKnownFileType = file.storyboard; name = Base; path = Base.lproj/Main.storyboard; sourceTree = "<group>"; };
		31D71D1123D601B00043D44E /* Assets.xcassets */ = {isa = PBXFileReference; lastKnownFileType = folder.assetcatalog; path = Assets.xcassets; sourceTree = "<group>"; };
		31D71D1423D601B00043D44E /* Base */ = {isa = PBXFileReference; lastKnownFileType = file.storyboard; name = Base; path = Base.lproj/LaunchScreen.storyboard; sourceTree = "<group>"; };
		31D71D1623D601B00043D44E /* Info.plist */ = {isa = PBXFileReference; lastKnownFileType = text.plist.xml; path = Info.plist; sourceTree = "<group>"; };
		31D71D1D23D6081F0043D44E /* RampPickerVC.swift */ = {isa = PBXFileReference; lastKnownFileType = sourcecode.swift; path = RampPickerVC.swift; sourceTree = "<group>"; };
		31D71D2223D62C6D0043D44E /* Ramp.swift */ = {isa = PBXFileReference; lastKnownFileType = sourcecode.swift; path = Ramp.swift; sourceTree = "<group>"; };
/* End PBXFileReference section */

/* Begin PBXFrameworksBuildPhase section */
		31D71D0223D601AB0043D44E /* Frameworks */ = {
			isa = PBXFrameworksBuildPhase;
			buildActionMask = 2147483647;
			files = (
			);
			runOnlyForDeploymentPostprocessing = 0;
		};
/* End PBXFrameworksBuildPhase section */

/* Begin PBXGroup section */
		31D71CFC23D601AB0043D44E = {
			isa = PBXGroup;
			children = (
				31D71D0723D601AB0043D44E /* skatepark-builder */,
				31D71D0623D601AB0043D44E /* Products */,
			);
			sourceTree = "<group>";
		};
		31D71D0623D601AB0043D44E /* Products */ = {
			isa = PBXGroup;
			children = (
				31D71D0523D601AB0043D44E /* skatepark-builder.app */,
			);
			name = Products;
			sourceTree = "<group>";
		};
		31D71D0723D601AB0043D44E /* skatepark-builder */ = {
			isa = PBXGroup;
			children = (
				31D71D2123D62C580043D44E /* Model */,
				31D71D1C23D603590043D44E /* Controller */,
				31D71D0823D601AB0043D44E /* AppDelegate.swift */,
				31D71D0A23D601AB0043D44E /* art.scnassets */,
				31D71D0E23D601AB0043D44E /* Main.storyboard */,
				31D71D1123D601B00043D44E /* Assets.xcassets */,
				31D71D1323D601B00043D44E /* LaunchScreen.storyboard */,
				31D71D1623D601B00043D44E /* Info.plist */,
			);
			path = "skatepark-builder";
			sourceTree = "<group>";
		};
		31D71D1C23D603590043D44E /* Controller */ = {
			isa = PBXGroup;
			children = (
				31D71D0C23D601AB0043D44E /* RampPlacerVC.swift */,
				31D71D1D23D6081F0043D44E /* RampPickerVC.swift */,
			);
			path = Controller;
			sourceTree = "<group>";
		};
		31D71D2123D62C580043D44E /* Model */ = {
			isa = PBXGroup;
			children = (
				31D71D2223D62C6D0043D44E /* Ramp.swift */,
			);
			path = Model;
			sourceTree = "<group>";
		};
/* End PBXGroup section */

/* Begin PBXNativeTarget section */
		31D71D0423D601AB0043D44E /* skatepark-builder */ = {
			isa = PBXNativeTarget;
			buildConfigurationList = 31D71D1923D601B00043D44E /* Build configuration list for PBXNativeTarget "skatepark-builder" */;
			buildPhases = (
				31D71D0123D601AB0043D44E /* Sources */,
				31D71D0223D601AB0043D44E /* Frameworks */,
				31D71D0323D601AB0043D44E /* Resources */,
			);
			buildRules = (
			);
			dependencies = (
			);
			name = "skatepark-builder";
			productName = "skatepark-builder";
			productReference = 31D71D0523D601AB0043D44E /* skatepark-builder.app */;
			productType = "com.apple.product-type.application";
		};
/* End PBXNativeTarget section */

/* Begin PBXProject section */
		31D71CFD23D601AB0043D44E /* Project object */ = {
			isa = PBXProject;
			attributes = {
				LastSwiftUpdateCheck = 1130;
				LastUpgradeCheck = 1130;
				ORGANIZATIONNAME = "Kilyan SOCKALINGUM";
				TargetAttributes = {
					31D71D0423D601AB0043D44E = {
						CreatedOnToolsVersion = 11.3;
					};
				};
			};
			buildConfigurationList = 31D71D0023D601AB0043D44E /* Build configuration list for PBXProject "skatepark-builder" */;
			compatibilityVersion = "Xcode 9.3";
			developmentRegion = en;
			hasScannedForEncodings = 0;
			knownRegions = (
				en,
				Base,
			);
			mainGroup = 31D71CFC23D601AB0043D44E;
			productRefGroup = 31D71D0623D601AB0043D44E /* Products */;
			projectDirPath = "";
			projectRoot = "";
			targets = (
				31D71D0423D601AB0043D44E /* skatepark-builder */,
			);
		};
/* End PBXProject section */

/* Begin PBXResourcesBuildPhase section */
		31D71D0323D601AB0043D44E /* Resources */ = {
			isa = PBXResourcesBuildPhase;
			buildActionMask = 2147483647;
			files = (
				31D71D0B23D601AB0043D44E /* art.scnassets in Resources */,
				31D71D1523D601B00043D44E /* LaunchScreen.storyboard in Resources */,
				31D71D1223D601B00043D44E /* Assets.xcassets in Resources */,
				31D71D1023D601AB0043D44E /* Main.storyboard in Resources */,
			);
			runOnlyForDeploymentPostprocessing = 0;
		};
/* End PBXResourcesBuildPhase section */

/* Begin PBXSourcesBuildPhase section */
		31D71D0123D601AB0043D44E /* Sources */ = {
			isa = PBXSourcesBuildPhase;
			buildActionMask = 2147483647;
			files = (
				31D71D0D23D601AB0043D44E /* RampPlacerVC.swift in Sources */,
				31D71D2323D62C6D0043D44E /* Ramp.swift in Sources */,
				31D71D1E23D6081F0043D44E /* RampPickerVC.swift in Sources */,
				31D71D0923D601AB0043D44E /* AppDelegate.swift in Sources */,
			);
			runOnlyForDeploymentPostprocessing = 0;
		};
/* End PBXSourcesBuildPhase section */

/* Begin PBXVariantGroup section */
		31D71D0E23D601AB0043D44E /* Main.storyboard */ = {
			isa = PBXVariantGroup;
			children = (
				31D71D0F23D601AB0043D44E /* Base */,
			);
			name = Main.storyboard;
			sourceTree = "<group>";
		};
		31D71D1323D601B00043D44E /* LaunchScreen.storyboard */ = {
			isa = PBXVariantGroup;
			children = (
				31D71D1423D601B00043D44E /* Base */,
			);
			name = LaunchScreen.storyboard;
			sourceTree = "<group>";
		};
/* End PBXVariantGroup section */

/* Begin XCBuildConfiguration section */
		31D71D1723D601B00043D44E /* Debug */ = {
			isa = XCBuildConfiguration;
			buildSettings = {
				ALWAYS_SEARCH_USER_PATHS = NO;
				CLANG_ANALYZER_NONNULL = YES;
				CLANG_ANALYZER_NUMBER_OBJECT_CONVERSION = YES_AGGRESSIVE;
				CLANG_CXX_LANGUAGE_STANDARD = "gnu++14";
				CLANG_CXX_LIBRARY = "libc++";
				CLANG_ENABLE_MODULES = YES;
				CLANG_ENABLE_OBJC_ARC = YES;
				CLANG_ENABLE_OBJC_WEAK = YES;
				CLANG_WARN_BLOCK_CAPTURE_AUTORELEASING = YES;
				CLANG_WARN_BOOL_CONVERSION = YES;
				CLANG_WARN_COMMA = YES;
				CLANG_WARN_CONSTANT_CONVERSION = YES;
				CLANG_WARN_DEPRECATED_OBJC_IMPLEMENTATIONS = YES;
				CLANG_WARN_DIRECT_OBJC_ISA_USAGE = YES_ERROR;
				CLANG_WARN_DOCUMENTATION_COMMENTS = YES;
				CLANG_WARN_EMPTY_BODY = YES;
				CLANG_WARN_ENUM_CONVERSION = YES;
				CLANG_WARN_INFINITE_RECURSION = YES;
				CLANG_WARN_INT_CONVERSION = YES;
				CLANG_WARN_NON_LITERAL_NULL_CONVERSION = YES;
				CLANG_WARN_OBJC_IMPLICIT_RETAIN_SELF = YES;
				CLANG_WARN_OBJC_LITERAL_CONVERSION = YES;
				CLANG_WARN_OBJC_ROOT_CLASS = YES_ERROR;
				CLANG_WARN_RANGE_LOOP_ANALYSIS = YES;
				CLANG_WARN_STRICT_PROTOTYPES = YES;
				CLANG_WARN_SUSPICIOUS_MOVE = YES;
				CLANG_WARN_UNGUARDED_AVAILABILITY = YES_AGGRESSIVE;
				CLANG_WARN_UNREACHABLE_CODE = YES;
				CLANG_WARN__DUPLICATE_METHOD_MATCH = YES;
				COPY_PHASE_STRIP = NO;
				DEBUG_INFORMATION_FORMAT = dwarf;
				ENABLE_STRICT_OBJC_MSGSEND = YES;
				ENABLE_TESTABILITY = YES;
				GCC_C_LANGUAGE_STANDARD = gnu11;
				GCC_DYNAMIC_NO_PIC = NO;
				GCC_NO_COMMON_BLOCKS = YES;
				GCC_OPTIMIZATION_LEVEL = 0;
				GCC_PREPROCESSOR_DEFINITIONS = (
					"DEBUG=1",
					"$(inherited)",
				);
				GCC_WARN_64_TO_32_BIT_CONVERSION = YES;
				GCC_WARN_ABOUT_RETURN_TYPE = YES_ERROR;
				GCC_WARN_UNDECLARED_SELECTOR = YES;
				GCC_WARN_UNINITIALIZED_AUTOS = YES_AGGRESSIVE;
				GCC_WARN_UNUSED_FUNCTION = YES;
				GCC_WARN_UNUSED_VARIABLE = YES;
				IPHONEOS_DEPLOYMENT_TARGET = 13.2;
				MTL_ENABLE_DEBUG_INFO = INCLUDE_SOURCE;
				MTL_FAST_MATH = YES;
				ONLY_ACTIVE_ARCH = YES;
				SDKROOT = iphoneos;
				SWIFT_ACTIVE_COMPILATION_CONDITIONS = DEBUG;
				SWIFT_OPTIMIZATION_LEVEL = "-Onone";
			};
			name = Debug;
		};
		31D71D1823D601B00043D44E /* Release */ = {
			isa = XCBuildConfiguration;
			buildSettings = {
				ALWAYS_SEARCH_USER_PATHS = NO;
				CLANG_ANALYZER_NONNULL = YES;
				CLANG_ANALYZER_NUMBER_OBJECT_CONVERSION = YES_AGGRESSIVE;
				CLANG_CXX_LANGUAGE_STANDARD = "gnu++14";
				CLANG_CXX_LIBRARY = "libc++";
				CLANG_ENABLE_MODULES = YES;
				CLANG_ENABLE_OBJC_ARC = YES;
				CLANG_ENABLE_OBJC_WEAK = YES;
				CLANG_WARN_BLOCK_CAPTURE_AUTORELEASING = YES;
				CLANG_WARN_BOOL_CONVERSION = YES;
				CLANG_WARN_COMMA = YES;
				CLANG_WARN_CONSTANT_CONVERSION = YES;
				CLANG_WARN_DEPRECATED_OBJC_IMPLEMENTATIONS = YES;
				CLANG_WARN_DIRECT_OBJC_ISA_USAGE = YES_ERROR;
				CLANG_WARN_DOCUMENTATION_COMMENTS = YES;
				CLANG_WARN_EMPTY_BODY = YES;
				CLANG_WARN_ENUM_CONVERSION = YES;
				CLANG_WARN_INFINITE_RECURSION = YES;
				CLANG_WARN_INT_CONVERSION = YES;
				CLANG_WARN_NON_LITERAL_NULL_CONVERSION = YES;
				CLANG_WARN_OBJC_IMPLICIT_RETAIN_SELF = YES;
				CLANG_WARN_OBJC_LITERAL_CONVERSION = YES;
				CLANG_WARN_OBJC_ROOT_CLASS = YES_ERROR;
				CLANG_WARN_RANGE_LOOP_ANALYSIS = YES;
				CLANG_WARN_STRICT_PROTOTYPES = YES;
				CLANG_WARN_SUSPICIOUS_MOVE = YES;
				CLANG_WARN_UNGUARDED_AVAILABILITY = YES_AGGRESSIVE;
				CLANG_WARN_UNREACHABLE_CODE = YES;
				CLANG_WARN__DUPLICATE_METHOD_MATCH = YES;
				COPY_PHASE_STRIP = NO;
				DEBUG_INFORMATION_FORMAT = "dwarf-with-dsym";
				ENABLE_NS_ASSERTIONS = NO;
				ENABLE_STRICT_OBJC_MSGSEND = YES;
				GCC_C_LANGUAGE_STANDARD = gnu11;
				GCC_NO_COMMON_BLOCKS = YES;
				GCC_WARN_64_TO_32_BIT_CONVERSION = YES;
				GCC_WARN_ABOUT_RETURN_TYPE = YES_ERROR;
				GCC_WARN_UNDECLARED_SELECTOR = YES;
				GCC_WARN_UNINITIALIZED_AUTOS = YES_AGGRESSIVE;
				GCC_WARN_UNUSED_FUNCTION = YES;
				GCC_WARN_UNUSED_VARIABLE = YES;
				IPHONEOS_DEPLOYMENT_TARGET = 13.2;
				MTL_ENABLE_DEBUG_INFO = NO;
				MTL_FAST_MATH = YES;
				SDKROOT = iphoneos;
				SWIFT_COMPILATION_MODE = wholemodule;
				SWIFT_OPTIMIZATION_LEVEL = "-O";
				VALIDATE_PRODUCT = YES;
			};
			name = Release;
		};
		31D71D1A23D601B00043D44E /* Debug */ = {
			isa = XCBuildConfiguration;
			buildSettings = {
				ASSETCATALOG_COMPILER_APPICON_NAME = AppIcon;
				CODE_SIGN_STYLE = Automatic;
				DEVELOPMENT_TEAM = T32TPN22R5;
				INFOPLIST_FILE = "skatepark-builder/Info.plist";
				LD_RUNPATH_SEARCH_PATHS = (
					"$(inherited)",
					"@executable_path/Frameworks",
				);
				PRODUCT_BUNDLE_IDENTIFIER = "com.kilyansockalingum.skatepark-builder";
				PRODUCT_NAME = "$(TARGET_NAME)";
				SWIFT_VERSION = 5.0;
				TARGETED_DEVICE_FAMILY = "1,2";
			};
			name = Debug;
		};
		31D71D1B23D601B00043D44E /* Release */ = {
			isa = XCBuildConfiguration;
			buildSettings = {
				ASSETCATALOG_COMPILER_APPICON_NAME = AppIcon;
				CODE_SIGN_STYLE = Automatic;
				DEVELOPMENT_TEAM = T32TPN22R5;
				INFOPLIST_FILE = "skatepark-builder/Info.plist";
				LD_RUNPATH_SEARCH_PATHS = (
					"$(inherited)",
					"@executable_path/Frameworks",
				);
				PRODUCT_BUNDLE_IDENTIFIER = "com.kilyansockalingum.skatepark-builder";
				PRODUCT_NAME = "$(TARGET_NAME)";
				SWIFT_VERSION = 5.0;
				TARGETED_DEVICE_FAMILY = "1,2";
			};
			name = Release;
		};
/* End XCBuildConfiguration section */

/* Begin XCConfigurationList section */
		31D71D0023D601AB0043D44E /* Build configuration list for PBXProject "skatepark-builder" */ = {
			isa = XCConfigurationList;
			buildConfigurations = (
				31D71D1723D601B00043D44E /* Debug */,
				31D71D1823D601B00043D44E /* Release */,
			);
			defaultConfigurationIsVisible = 0;
			defaultConfigurationName = Release;
		};
		31D71D1923D601B00043D44E /* Build configuration list for PBXNativeTarget "skatepark-builder" */ = {
			isa = XCConfigurationList;
			buildConfigurations = (
				31D71D1A23D601B00043D44E /* Debug */,
				31D71D1B23D601B00043D44E /* Release */,
			);
			defaultConfigurationIsVisible = 0;
			defaultConfigurationName = Release;
		};
/* End XCConfigurationList section */
	};
	rootObject = 31D71CFD23D601AB0043D44E /* Project object */;
}
